{
  "nodes": {
    "nixpkgs": {
      "locked": {
        "lastModified": 1647350163,
        "narHash": "sha256-OcMI+PFEHTONthXuEQNddt16Ml7qGvanL3x8QOl2Aao=",
        "owner": "NixOS",
        "repo": "nixpkgs",
        "rev": "3eb07eeafb52bcbf02ce800f032f18d666a9498d",
        "type": "github"
      },
      "original": {
        "id": "nixpkgs",
        "type": "indirect"
      }
    },
    "nixpkgs-for-manual": {
      "locked": {
        "lastModified": 1644686402,
        "narHash": "sha256-qxQKjsj51pIQ6qJrLOw93m9z+vJCngpRLfPgp2Ib28Q=",
        "owner": "ryantm",
        "repo": "nixpkgs",
        "rev": "78d909765da7e23d5d5d59993bca0ee6a9e3d3ba",
        "type": "github"
      },
      "original": {
        "owner": "ryantm",
        "ref": "minman",
        "repo": "nixpkgs",
        "type": "github"
      }
    },
    "root": {
      "inputs": {
        "nixpkgs": "nixpkgs",
        "nixpkgs-for-manual": "nixpkgs-for-manual"
      }
    }
  },
  "root": "root",
  "version": 7
}
