{
  "nodes": {
    "flake-utils": {
      "locked": {
        "lastModified": 1614513358,
        "narHash": "sha256-LakhOx3S1dRjnh0b5Dg3mbZyH0ToC9I8Y2wKSkBaTzU=",
        "owner": "numtide",
        "repo": "flake-utils",
        "rev": "5466c5bbece17adaab2d82fae80b46e807611bf3",
        "type": "github"
      },
      "original": {
        "owner": "numtide",
        "repo": "flake-utils",
        "type": "github"
      }
    },
    "nixpkgs": {
      "locked": {
        "lastModified": 1613859673,
        "narHash": "sha256-kwhKrlFUg3mhmXu0IOY1kUzUeZfZ01YaGAkY+U5Opwg=",
        "owner": "ryantm",
        "repo": "nixpkgs",
        "rev": "94a656614a9833d5279cad11e4e018f08284ee9e",
        "type": "github"
      },
      "original": {
        "owner": "ryantm",
        "ref": "minman",
        "repo": "nixpkgs",
        "type": "github"
      }
    },
    "root": {
      "inputs": {
        "flake-utils": "flake-utils",
        "nixpkgs": "nixpkgs"
      }
    }
  },
  "root": "root",
  "version": 7
}
