{
  "nodes": {
    "nixpkgs": {
      "locked": {
        "lastModified": 1648219316,
        "narHash": "sha256-Ctij+dOi0ZZIfX5eMhgwugfvB+WZSrvVNAyAuANOsnQ=",
        "owner": "NixOS",
        "repo": "nixpkgs",
        "rev": "30d3d79b7d3607d56546dd2a6b49e156ba0ec634",
        "type": "github"
      },
      "original": {
        "owner": "NixOS",
        "ref": "nixpkgs-unstable",
        "repo": "nixpkgs",
        "type": "github"
      }
    },
    "nixpkgs-for-manual": {
      "locked": {
        "lastModified": 1644686402,
        "narHash": "sha256-qxQKjsj51pIQ6qJrLOw93m9z+vJCngpRLfPgp2Ib28Q=",
        "owner": "ryantm",
        "repo": "nixpkgs",
        "rev": "78d909765da7e23d5d5d59993bca0ee6a9e3d3ba",
        "type": "github"
      },
      "original": {
        "owner": "ryantm",
        "ref": "minman",
        "repo": "nixpkgs",
        "type": "github"
      }
    },
    "root": {
      "inputs": {
        "nixpkgs": "nixpkgs",
        "nixpkgs-for-manual": "nixpkgs-for-manual"
      }
    }
  },
  "root": "root",
  "version": 7
}
